// !$*UTF8*$!
{
	archiveVersion = 1;
	classes = {
	};
	objectVersion = 51;
	objects = {

/* Begin PBXBuildFile section */
		59E8B45E6551B5F75636A28B /* libPods-TrashMaster2.a in Frameworks */ = {isa = PBXBuildFile; fileRef = 0493AFD2220C668A799442D0 /* libPods-TrashMaster2.a */; };
		D00486B924C770B300DCAA2E /* GoogleService-Info.plist in Resources */ = {isa = PBXBuildFile; fileRef = D00486B824C770B300DCAA2E /* GoogleService-Info.plist */; };
		D00486BD24C793F700DCAA2E /* ReportFormController.swift in Sources */ = {isa = PBXBuildFile; fileRef = D00486BC24C793F700DCAA2E /* ReportFormController.swift */; };
		D05DD79F24BDF6EC006E5154 /* AppDelegate.swift in Sources */ = {isa = PBXBuildFile; fileRef = D05DD79E24BDF6EC006E5154 /* AppDelegate.swift */; };
		D05DD7A124BDF6EC006E5154 /* SceneDelegate.swift in Sources */ = {isa = PBXBuildFile; fileRef = D05DD7A024BDF6EC006E5154 /* SceneDelegate.swift */; };
		D05DD7A324BDF6EC006E5154 /* HomeViewController.swift in Sources */ = {isa = PBXBuildFile; fileRef = D05DD7A224BDF6EC006E5154 /* HomeViewController.swift */; };
		D05DD7A624BDF6EC006E5154 /* Main.storyboard in Resources */ = {isa = PBXBuildFile; fileRef = D05DD7A424BDF6EC006E5154 /* Main.storyboard */; };
		D05DD7A824BDF6ED006E5154 /* Assets.xcassets in Resources */ = {isa = PBXBuildFile; fileRef = D05DD7A724BDF6ED006E5154 /* Assets.xcassets */; };
		D05DD7AB24BDF6ED006E5154 /* LaunchScreen.storyboard in Resources */ = {isa = PBXBuildFile; fileRef = D05DD7A924BDF6ED006E5154 /* LaunchScreen.storyboard */; };
		D05DD7BB24BDFD44006E5154 /* Podfile in Resources */ = {isa = PBXBuildFile; fileRef = D05DD7BA24BDFD44006E5154 /* Podfile */; };
		D05DD7BD24BE0302006E5154 /* DashboardViewController.swift in Sources */ = {isa = PBXBuildFile; fileRef = D05DD7BC24BE0302006E5154 /* DashboardViewController.swift */; };
		D05DD7C124BEBB6A006E5154 /* MapKitViewController.swift in Sources */ = {isa = PBXBuildFile; fileRef = D05DD7C024BEBB6A006E5154 /* MapKitViewController.swift */; };
		D05DD7C324BF4FD4006E5154 /* ReportTrashController.swift in Sources */ = {isa = PBXBuildFile; fileRef = D05DD7C224BF4FD3006E5154 /* ReportTrashController.swift */; };
/* End PBXBuildFile section */

/* Begin PBXFileReference section */
		0493AFD2220C668A799442D0 /* libPods-TrashMaster2.a */ = {isa = PBXFileReference; explicitFileType = archive.ar; includeInIndex = 0; path = "libPods-TrashMaster2.a"; sourceTree = BUILT_PRODUCTS_DIR; };
		5B104B9399D32876B45EE6DB /* Pods-TrashMaster2.release.xcconfig */ = {isa = PBXFileReference; includeInIndex = 1; lastKnownFileType = text.xcconfig; name = "Pods-TrashMaster2.release.xcconfig"; path = "Target Support Files/Pods-TrashMaster2/Pods-TrashMaster2.release.xcconfig"; sourceTree = "<group>"; };
		67C3368F3D474E760E80BD09 /* Pods-TrashMaster2.debug.xcconfig */ = {isa = PBXFileReference; includeInIndex = 1; lastKnownFileType = text.xcconfig; name = "Pods-TrashMaster2.debug.xcconfig"; path = "Target Support Files/Pods-TrashMaster2/Pods-TrashMaster2.debug.xcconfig"; sourceTree = "<group>"; };
		D00486B824C770B300DCAA2E /* GoogleService-Info.plist */ = {isa = PBXFileReference; fileEncoding = 4; lastKnownFileType = text.plist.xml; path = "GoogleService-Info.plist"; sourceTree = "<group>"; };
		D00486BC24C793F700DCAA2E /* ReportFormController.swift */ = {isa = PBXFileReference; lastKnownFileType = sourcecode.swift; path = ReportFormController.swift; sourceTree = "<group>"; };
		D05DD79B24BDF6EC006E5154 /* TrashMaster2.app */ = {isa = PBXFileReference; explicitFileType = wrapper.application; includeInIndex = 0; path = TrashMaster2.app; sourceTree = BUILT_PRODUCTS_DIR; };
		D05DD79E24BDF6EC006E5154 /* AppDelegate.swift */ = {isa = PBXFileReference; lastKnownFileType = sourcecode.swift; path = AppDelegate.swift; sourceTree = "<group>"; };
		D05DD7A024BDF6EC006E5154 /* SceneDelegate.swift */ = {isa = PBXFileReference; lastKnownFileType = sourcecode.swift; path = SceneDelegate.swift; sourceTree = "<group>"; };
		D05DD7A224BDF6EC006E5154 /* HomeViewController.swift */ = {isa = PBXFileReference; lastKnownFileType = sourcecode.swift; path = HomeViewController.swift; sourceTree = "<group>"; };
		D05DD7A524BDF6EC006E5154 /* Base */ = {isa = PBXFileReference; lastKnownFileType = file.storyboard; name = Base; path = Base.lproj/Main.storyboard; sourceTree = "<group>"; };
		D05DD7A724BDF6ED006E5154 /* Assets.xcassets */ = {isa = PBXFileReference; lastKnownFileType = folder.assetcatalog; path = Assets.xcassets; sourceTree = "<group>"; };
		D05DD7AA24BDF6ED006E5154 /* Base */ = {isa = PBXFileReference; lastKnownFileType = file.storyboard; name = Base; path = Base.lproj/LaunchScreen.storyboard; sourceTree = "<group>"; };
		D05DD7AC24BDF6ED006E5154 /* Info.plist */ = {isa = PBXFileReference; lastKnownFileType = text.plist.xml; path = Info.plist; sourceTree = "<group>"; };
		D05DD7BA24BDFD44006E5154 /* Podfile */ = {isa = PBXFileReference; lastKnownFileType = text; path = Podfile; sourceTree = "<group>"; xcLanguageSpecificationIdentifier = xcode.lang.ruby; };
		D05DD7BC24BE0302006E5154 /* DashboardViewController.swift */ = {isa = PBXFileReference; lastKnownFileType = sourcecode.swift; path = DashboardViewController.swift; sourceTree = "<group>"; };
		D05DD7C024BEBB6A006E5154 /* MapKitViewController.swift */ = {isa = PBXFileReference; lastKnownFileType = sourcecode.swift; path = MapKitViewController.swift; sourceTree = "<group>"; };
		D05DD7C224BF4FD3006E5154 /* ReportTrashController.swift */ = {isa = PBXFileReference; lastKnownFileType = sourcecode.swift; path = ReportTrashController.swift; sourceTree = "<group>"; };
/* End PBXFileReference section */

/* Begin PBXFrameworksBuildPhase section */
		D05DD79824BDF6EC006E5154 /* Frameworks */ = {
			isa = PBXFrameworksBuildPhase;
			buildActionMask = 2147483647;
			files = (
				59E8B45E6551B5F75636A28B /* libPods-TrashMaster2.a in Frameworks */,
			);
			runOnlyForDeploymentPostprocessing = 0;
		};
/* End PBXFrameworksBuildPhase section */

/* Begin PBXGroup section */
		1356E381EBAB8EC6C5CDE724 /* Frameworks */ = {
			isa = PBXGroup;
			children = (
				0493AFD2220C668A799442D0 /* libPods-TrashMaster2.a */,
			);
			name = Frameworks;
			sourceTree = "<group>";
		};
		C97A128084693F16D1BAE597 /* Pods */ = {
			isa = PBXGroup;
			children = (
				67C3368F3D474E760E80BD09 /* Pods-TrashMaster2.debug.xcconfig */,
				5B104B9399D32876B45EE6DB /* Pods-TrashMaster2.release.xcconfig */,
			);
			path = Pods;
			sourceTree = "<group>";
		};
		D05DD79224BDF6EC006E5154 = {
			isa = PBXGroup;
			children = (
				D05DD7BA24BDFD44006E5154 /* Podfile */,
				D05DD79D24BDF6EC006E5154 /* TrashMaster2 */,
				D05DD79C24BDF6EC006E5154 /* Products */,
				C97A128084693F16D1BAE597 /* Pods */,
				1356E381EBAB8EC6C5CDE724 /* Frameworks */,
			);
			sourceTree = "<group>";
		};
		D05DD79C24BDF6EC006E5154 /* Products */ = {
			isa = PBXGroup;
			children = (
				D05DD79B24BDF6EC006E5154 /* TrashMaster2.app */,
			);
			name = Products;
			sourceTree = "<group>";
		};
		D05DD79D24BDF6EC006E5154 /* TrashMaster2 */ = {
			isa = PBXGroup;
			children = (
				D05DD79E24BDF6EC006E5154 /* AppDelegate.swift */,
				D00486BC24C793F700DCAA2E /* ReportFormController.swift */,
				D05DD7A024BDF6EC006E5154 /* SceneDelegate.swift */,
				D05DD7C224BF4FD3006E5154 /* ReportTrashController.swift */,
				D05DD7C024BEBB6A006E5154 /* MapKitViewController.swift */,
				D05DD7A224BDF6EC006E5154 /* HomeViewController.swift */,
				D05DD7BC24BE0302006E5154 /* DashboardViewController.swift */,
				D00486B824C770B300DCAA2E /* GoogleService-Info.plist */,
				D05DD7A424BDF6EC006E5154 /* Main.storyboard */,
				D05DD7A724BDF6ED006E5154 /* Assets.xcassets */,
				D05DD7A924BDF6ED006E5154 /* LaunchScreen.storyboard */,
				D05DD7AC24BDF6ED006E5154 /* Info.plist */,
			);
			path = TrashMaster2;
			sourceTree = "<group>";
		};
/* End PBXGroup section */

/* Begin PBXNativeTarget section */
		D05DD79A24BDF6EC006E5154 /* TrashMaster2 */ = {
			isa = PBXNativeTarget;
			buildConfigurationList = D05DD7AF24BDF6ED006E5154 /* Build configuration list for PBXNativeTarget "TrashMaster2" */;
			buildPhases = (
				CE293B49EC310AF33B50CE9C /* [CP] Check Pods Manifest.lock */,
				D05DD79724BDF6EC006E5154 /* Sources */,
				D05DD79824BDF6EC006E5154 /* Frameworks */,
				D05DD79924BDF6EC006E5154 /* Resources */,
				457C7ECD2DE89DF13B9E7178 /* [CP] Copy Pods Resources */,
			);
			buildRules = (
			);
			dependencies = (
			);
			name = TrashMaster2;
			productName = TrashMaster2;
			productReference = D05DD79B24BDF6EC006E5154 /* TrashMaster2.app */;
			productType = "com.apple.product-type.application";
		};
/* End PBXNativeTarget section */

/* Begin PBXProject section */
		D05DD79324BDF6EC006E5154 /* Project object */ = {
			isa = PBXProject;
			attributes = {
				LastSwiftUpdateCheck = 1130;
				LastUpgradeCheck = 1130;
				ORGANIZATIONNAME = "Jocelyn Wang";
				TargetAttributes = {
					D05DD79A24BDF6EC006E5154 = {
						CreatedOnToolsVersion = 11.3.1;
					};
				};
			};
			buildConfigurationList = D05DD79624BDF6EC006E5154 /* Build configuration list for PBXProject "TrashMaster2" */;
			compatibilityVersion = "Xcode 9.3";
			developmentRegion = en;
			hasScannedForEncodings = 0;
			knownRegions = (
				en,
				Base,
			);
			mainGroup = D05DD79224BDF6EC006E5154;
			productRefGroup = D05DD79C24BDF6EC006E5154 /* Products */;
			projectDirPath = "";
			projectRoot = "";
			targets = (
				D05DD79A24BDF6EC006E5154 /* TrashMaster2 */,
			);
		};
/* End PBXProject section */

/* Begin PBXResourcesBuildPhase section */
		D05DD79924BDF6EC006E5154 /* Resources */ = {
			isa = PBXResourcesBuildPhase;
			buildActionMask = 2147483647;
			files = (
				D05DD7BB24BDFD44006E5154 /* Podfile in Resources */,
				D05DD7AB24BDF6ED006E5154 /* LaunchScreen.storyboard in Resources */,
				D00486B924C770B300DCAA2E /* GoogleService-Info.plist in Resources */,
				D05DD7A824BDF6ED006E5154 /* Assets.xcassets in Resources */,
				D05DD7A624BDF6EC006E5154 /* Main.storyboard in Resources */,
			);
			runOnlyForDeploymentPostprocessing = 0;
		};
/* End PBXResourcesBuildPhase section */

/* Begin PBXShellScriptBuildPhase section */
		457C7ECD2DE89DF13B9E7178 /* [CP] Copy Pods Resources */ = {
			isa = PBXShellScriptBuildPhase;
			buildActionMask = 2147483647;
			files = (
			);
			inputFileListPaths = (
				"${PODS_ROOT}/Target Support Files/Pods-TrashMaster2/Pods-TrashMaster2-resources-${CONFIGURATION}-input-files.xcfilelist",
			);
			name = "[CP] Copy Pods Resources";
			outputFileListPaths = (
				"${PODS_ROOT}/Target Support Files/Pods-TrashMaster2/Pods-TrashMaster2-resources-${CONFIGURATION}-output-files.xcfilelist",
			);
			runOnlyForDeploymentPostprocessing = 0;
			shellPath = /bin/sh;
			shellScript = "\"${PODS_ROOT}/Target Support Files/Pods-TrashMaster2/Pods-TrashMaster2-resources.sh\"\n";
			showEnvVarsInLog = 0;
		};
		CE293B49EC310AF33B50CE9C /* [CP] Check Pods Manifest.lock */ = {
			isa = PBXShellScriptBuildPhase;
			buildActionMask = 2147483647;
			files = (
			);
			inputFileListPaths = (
			);
			inputPaths = (
				"${PODS_PODFILE_DIR_PATH}/Podfile.lock",
				"${PODS_ROOT}/Manifest.lock",
			);
			name = "[CP] Check Pods Manifest.lock";
			outputFileListPaths = (
			);
			outputPaths = (
				"$(DERIVED_FILE_DIR)/Pods-TrashMaster2-checkManifestLockResult.txt",
			);
			runOnlyForDeploymentPostprocessing = 0;
			shellPath = /bin/sh;
			shellScript = "diff \"${PODS_PODFILE_DIR_PATH}/Podfile.lock\" \"${PODS_ROOT}/Manifest.lock\" > /dev/null\nif [ $? != 0 ] ; then\n    # print error to STDERR\n    echo \"error: The sandbox is not in sync with the Podfile.lock. Run 'pod install' or update your CocoaPods installation.\" >&2\n    exit 1\nfi\n# This output is used by Xcode 'outputs' to avoid re-running this script phase.\necho \"SUCCESS\" > \"${SCRIPT_OUTPUT_FILE_0}\"\n";
			showEnvVarsInLog = 0;
		};
/* End PBXShellScriptBuildPhase section */

/* Begin PBXSourcesBuildPhase section */
		D05DD79724BDF6EC006E5154 /* Sources */ = {
			isa = PBXSourcesBuildPhase;
			buildActionMask = 2147483647;
			files = (
				D05DD7C124BEBB6A006E5154 /* MapKitViewController.swift in Sources */,
				D05DD7A324BDF6EC006E5154 /* HomeViewController.swift in Sources */,
				D05DD79F24BDF6EC006E5154 /* AppDelegate.swift in Sources */,
				D05DD7C324BF4FD4006E5154 /* ReportTrashController.swift in Sources */,
				D05DD7A124BDF6EC006E5154 /* SceneDelegate.swift in Sources */,
				D05DD7BD24BE0302006E5154 /* DashboardViewController.swift in Sources */,
				D00486BD24C793F700DCAA2E /* ReportFormController.swift in Sources */,
			);
			runOnlyForDeploymentPostprocessing = 0;
		};
/* End PBXSourcesBuildPhase section */

/* Begin PBXVariantGroup section */
		D05DD7A424BDF6EC006E5154 /* Main.storyboard */ = {
			isa = PBXVariantGroup;
			children = (
				D05DD7A524BDF6EC006E5154 /* Base */,
			);
			name = Main.storyboard;
			sourceTree = "<group>";
		};
		D05DD7A924BDF6ED006E5154 /* LaunchScreen.storyboard */ = {
			isa = PBXVariantGroup;
			children = (
				D05DD7AA24BDF6ED006E5154 /* Base */,
			);
			name = LaunchScreen.storyboard;
			sourceTree = "<group>";
		};
/* End PBXVariantGroup section */

/* Begin XCBuildConfiguration section */
		D05DD7AD24BDF6ED006E5154 /* Debug */ = {
			isa = XCBuildConfiguration;
			buildSettings = {
				ALWAYS_SEARCH_USER_PATHS = NO;
				CLANG_ANALYZER_NONNULL = YES;
				CLANG_ANALYZER_NUMBER_OBJECT_CONVERSION = YES_AGGRESSIVE;
				CLANG_CXX_LANGUAGE_STANDARD = "gnu++14";
				CLANG_CXX_LIBRARY = "libc++";
				CLANG_ENABLE_MODULES = YES;
				CLANG_ENABLE_OBJC_ARC = YES;
				CLANG_ENABLE_OBJC_WEAK = YES;
				CLANG_WARN_BLOCK_CAPTURE_AUTORELEASING = YES;
				CLANG_WARN_BOOL_CONVERSION = YES;
				CLANG_WARN_COMMA = YES;
				CLANG_WARN_CONSTANT_CONVERSION = YES;
				CLANG_WARN_DEPRECATED_OBJC_IMPLEMENTATIONS = YES;
				CLANG_WARN_DIRECT_OBJC_ISA_USAGE = YES_ERROR;
				CLANG_WARN_DOCUMENTATION_COMMENTS = YES;
				CLANG_WARN_EMPTY_BODY = YES;
				CLANG_WARN_ENUM_CONVERSION = YES;
				CLANG_WARN_INFINITE_RECURSION = YES;
				CLANG_WARN_INT_CONVERSION = YES;
				CLANG_WARN_NON_LITERAL_NULL_CONVERSION = YES;
				CLANG_WARN_OBJC_IMPLICIT_RETAIN_SELF = YES;
				CLANG_WARN_OBJC_LITERAL_CONVERSION = YES;
				CLANG_WARN_OBJC_ROOT_CLASS = YES_ERROR;
				CLANG_WARN_RANGE_LOOP_ANALYSIS = YES;
				CLANG_WARN_STRICT_PROTOTYPES = YES;
				CLANG_WARN_SUSPICIOUS_MOVE = YES;
				CLANG_WARN_UNGUARDED_AVAILABILITY = YES_AGGRESSIVE;
				CLANG_WARN_UNREACHABLE_CODE = YES;
				CLANG_WARN__DUPLICATE_METHOD_MATCH = YES;
				COPY_PHASE_STRIP = NO;
				DEBUG_INFORMATION_FORMAT = dwarf;
				ENABLE_STRICT_OBJC_MSGSEND = YES;
				ENABLE_TESTABILITY = YES;
				GCC_C_LANGUAGE_STANDARD = gnu11;
				GCC_DYNAMIC_NO_PIC = NO;
				GCC_NO_COMMON_BLOCKS = YES;
				GCC_OPTIMIZATION_LEVEL = 0;
				GCC_PREPROCESSOR_DEFINITIONS = (
					"DEBUG=1",
					"$(inherited)",
				);
				GCC_WARN_64_TO_32_BIT_CONVERSION = YES;
				GCC_WARN_ABOUT_RETURN_TYPE = YES_ERROR;
				GCC_WARN_UNDECLARED_SELECTOR = YES;
				GCC_WARN_UNINITIALIZED_AUTOS = YES_AGGRESSIVE;
				GCC_WARN_UNUSED_FUNCTION = YES;
				GCC_WARN_UNUSED_VARIABLE = YES;
				IPHONEOS_DEPLOYMENT_TARGET = 13.2;
				MTL_ENABLE_DEBUG_INFO = INCLUDE_SOURCE;
				MTL_FAST_MATH = YES;
				ONLY_ACTIVE_ARCH = YES;
				SDKROOT = iphoneos;
				SWIFT_ACTIVE_COMPILATION_CONDITIONS = DEBUG;
				SWIFT_OPTIMIZATION_LEVEL = "-Onone";
			};
			name = Debug;
		};
		D05DD7AE24BDF6ED006E5154 /* Release */ = {
			isa = XCBuildConfiguration;
			buildSettings = {
				ALWAYS_SEARCH_USER_PATHS = NO;
				CLANG_ANALYZER_NONNULL = YES;
				CLANG_ANALYZER_NUMBER_OBJECT_CONVERSION = YES_AGGRESSIVE;
				CLANG_CXX_LANGUAGE_STANDARD = "gnu++14";
				CLANG_CXX_LIBRARY = "libc++";
				CLANG_ENABLE_MODULES = YES;
				CLANG_ENABLE_OBJC_ARC = YES;
				CLANG_ENABLE_OBJC_WEAK = YES;
				CLANG_WARN_BLOCK_CAPTURE_AUTORELEASING = YES;
				CLANG_WARN_BOOL_CONVERSION = YES;
				CLANG_WARN_COMMA = YES;
				CLANG_WARN_CONSTANT_CONVERSION = YES;
				CLANG_WARN_DEPRECATED_OBJC_IMPLEMENTATIONS = YES;
				CLANG_WARN_DIRECT_OBJC_ISA_USAGE = YES_ERROR;
				CLANG_WARN_DOCUMENTATION_COMMENTS = YES;
				CLANG_WARN_EMPTY_BODY = YES;
				CLANG_WARN_ENUM_CONVERSION = YES;
				CLANG_WARN_INFINITE_RECURSION = YES;
				CLANG_WARN_INT_CONVERSION = YES;
				CLANG_WARN_NON_LITERAL_NULL_CONVERSION = YES;
				CLANG_WARN_OBJC_IMPLICIT_RETAIN_SELF = YES;
				CLANG_WARN_OBJC_LITERAL_CONVERSION = YES;
				CLANG_WARN_OBJC_ROOT_CLASS = YES_ERROR;
				CLANG_WARN_RANGE_LOOP_ANALYSIS = YES;
				CLANG_WARN_STRICT_PROTOTYPES = YES;
				CLANG_WARN_SUSPICIOUS_MOVE = YES;
				CLANG_WARN_UNGUARDED_AVAILABILITY = YES_AGGRESSIVE;
				CLANG_WARN_UNREACHABLE_CODE = YES;
				CLANG_WARN__DUPLICATE_METHOD_MATCH = YES;
				COPY_PHASE_STRIP = NO;
				DEBUG_INFORMATION_FORMAT = "dwarf-with-dsym";
				ENABLE_NS_ASSERTIONS = NO;
				ENABLE_STRICT_OBJC_MSGSEND = YES;
				GCC_C_LANGUAGE_STANDARD = gnu11;
				GCC_NO_COMMON_BLOCKS = YES;
				GCC_WARN_64_TO_32_BIT_CONVERSION = YES;
				GCC_WARN_ABOUT_RETURN_TYPE = YES_ERROR;
				GCC_WARN_UNDECLARED_SELECTOR = YES;
				GCC_WARN_UNINITIALIZED_AUTOS = YES_AGGRESSIVE;
				GCC_WARN_UNUSED_FUNCTION = YES;
				GCC_WARN_UNUSED_VARIABLE = YES;
				IPHONEOS_DEPLOYMENT_TARGET = 13.2;
				MTL_ENABLE_DEBUG_INFO = NO;
				MTL_FAST_MATH = YES;
				SDKROOT = iphoneos;
				SWIFT_COMPILATION_MODE = wholemodule;
				SWIFT_OPTIMIZATION_LEVEL = "-O";
				VALIDATE_PRODUCT = YES;
			};
			name = Release;
		};
		D05DD7B024BDF6ED006E5154 /* Debug */ = {
			isa = XCBuildConfiguration;
			baseConfigurationReference = 67C3368F3D474E760E80BD09 /* Pods-TrashMaster2.debug.xcconfig */;
			buildSettings = {
				ASSETCATALOG_COMPILER_APPICON_NAME = AppIcon;
				CODE_SIGN_STYLE = Automatic;
				DEVELOPMENT_TEAM = Y8WN6HJQ4A;
				INFOPLIST_FILE = TrashMaster2/Info.plist;
				IPHONEOS_DEPLOYMENT_TARGET = 13.0;
				LD_RUNPATH_SEARCH_PATHS = (
					"$(inherited)",
					"@executable_path/Frameworks",
				);
				PRODUCT_BUNDLE_IDENTIFIER = "Jocelyn-Wang.TrashMaster2";
				PRODUCT_NAME = "$(TARGET_NAME)";
				SWIFT_VERSION = 5.0;
				TARGETED_DEVICE_FAMILY = "1,2";
			};
			name = Debug;
		};
		D05DD7B124BDF6ED006E5154 /* Release */ = {
			isa = XCBuildConfiguration;
			baseConfigurationReference = 5B104B9399D32876B45EE6DB /* Pods-TrashMaster2.release.xcconfig */;
			buildSettings = {
				ASSETCATALOG_COMPILER_APPICON_NAME = AppIcon;
				CODE_SIGN_STYLE = Automatic;
				DEVELOPMENT_TEAM = Y8WN6HJQ4A;
				INFOPLIST_FILE = TrashMaster2/Info.plist;
				IPHONEOS_DEPLOYMENT_TARGET = 13.0;
				LD_RUNPATH_SEARCH_PATHS = (
					"$(inherited)",
					"@executable_path/Frameworks",
				);
				PRODUCT_BUNDLE_IDENTIFIER = "Jocelyn-Wang.TrashMaster2";
				PRODUCT_NAME = "$(TARGET_NAME)";
				SWIFT_VERSION = 5.0;
				TARGETED_DEVICE_FAMILY = "1,2";
			};
			name = Release;
		};
/* End XCBuildConfiguration section */

/* Begin XCConfigurationList section */
		D05DD79624BDF6EC006E5154 /* Build configuration list for PBXProject "TrashMaster2" */ = {
			isa = XCConfigurationList;
			buildConfigurations = (
				D05DD7AD24BDF6ED006E5154 /* Debug */,
				D05DD7AE24BDF6ED006E5154 /* Release */,
			);
			defaultConfigurationIsVisible = 0;
			defaultConfigurationName = Release;
		};
		D05DD7AF24BDF6ED006E5154 /* Build configuration list for PBXNativeTarget "TrashMaster2" */ = {
			isa = XCConfigurationList;
			buildConfigurations = (
				D05DD7B024BDF6ED006E5154 /* Debug */,
				D05DD7B124BDF6ED006E5154 /* Release */,
			);
			defaultConfigurationIsVisible = 0;
			defaultConfigurationName = Release;
		};
/* End XCConfigurationList section */
	};
	rootObject = D05DD79324BDF6EC006E5154 /* Project object */;
}
